// !$*UTF8*$!
{
	archiveVersion = 1;
	classes = {
	};
	objectVersion = 46;
	objects = {

/* Begin PBXBuildFile section */
		077C784D1A1D9C8D009FF1D3 /* AppDelegate.swift in Sources */ = {isa = PBXBuildFile; fileRef = 077C784C1A1D9C8D009FF1D3 /* AppDelegate.swift */; };
		077C784F1A1D9C8D009FF1D3 /* ViewController.swift in Sources */ = {isa = PBXBuildFile; fileRef = 077C784E1A1D9C8D009FF1D3 /* ViewController.swift */; };
		077C78521A1D9C8D009FF1D3 /* Main.storyboard in Resources */ = {isa = PBXBuildFile; fileRef = 077C78501A1D9C8D009FF1D3 /* Main.storyboard */; };
		077C78541A1D9C8D009FF1D3 /* Images.xcassets in Resources */ = {isa = PBXBuildFile; fileRef = 077C78531A1D9C8D009FF1D3 /* Images.xcassets */; };
		077C78571A1D9C8D009FF1D3 /* LaunchScreen.xib in Resources */ = {isa = PBXBuildFile; fileRef = 077C78551A1D9C8D009FF1D3 /* LaunchScreen.xib */; };
/* End PBXBuildFile section */

/* Begin PBXFileReference section */
		077C78471A1D9C8D009FF1D3 /* IOS70ImageSlicingIssue.app */ = {isa = PBXFileReference; explicitFileType = wrapper.application; includeInIndex = 0; path = IOS70ImageSlicingIssue.app; sourceTree = BUILT_PRODUCTS_DIR; };
		077C784B1A1D9C8D009FF1D3 /* Info.plist */ = {isa = PBXFileReference; lastKnownFileType = text.plist.xml; path = Info.plist; sourceTree = "<group>"; };
		077C784C1A1D9C8D009FF1D3 /* AppDelegate.swift */ = {isa = PBXFileReference; lastKnownFileType = sourcecode.swift; path = AppDelegate.swift; sourceTree = "<group>"; };
		077C784E1A1D9C8D009FF1D3 /* ViewController.swift */ = {isa = PBXFileReference; lastKnownFileType = sourcecode.swift; path = ViewController.swift; sourceTree = "<group>"; };
		077C78511A1D9C8D009FF1D3 /* Base */ = {isa = PBXFileReference; lastKnownFileType = file.storyboard; name = Base; path = Base.lproj/Main.storyboard; sourceTree = "<group>"; };
		077C78531A1D9C8D009FF1D3 /* Images.xcassets */ = {isa = PBXFileReference; lastKnownFileType = folder.assetcatalog; path = Images.xcassets; sourceTree = "<group>"; };
		077C78561A1D9C8D009FF1D3 /* Base */ = {isa = PBXFileReference; lastKnownFileType = file.xib; name = Base; path = Base.lproj/LaunchScreen.xib; sourceTree = "<group>"; };
/* End PBXFileReference section */

/* Begin PBXFrameworksBuildPhase section */
		077C78441A1D9C8D009FF1D3 /* Frameworks */ = {
			isa = PBXFrameworksBuildPhase;
			buildActionMask = 2147483647;
			files = (
			);
			runOnlyForDeploymentPostprocessing = 0;
		};
/* End PBXFrameworksBuildPhase section */

/* Begin PBXGroup section */
		077C783E1A1D9C8C009FF1D3 = {
			isa = PBXGroup;
			children = (
				077C78491A1D9C8D009FF1D3 /* IOS70ImageSlicingIssue */,
				077C78481A1D9C8D009FF1D3 /* Products */,
			);
			sourceTree = "<group>";
		};
		077C78481A1D9C8D009FF1D3 /* Products */ = {
			isa = PBXGroup;
			children = (
				077C78471A1D9C8D009FF1D3 /* IOS70ImageSlicingIssue.app */,
			);
			name = Products;
			sourceTree = "<group>";
		};
		077C78491A1D9C8D009FF1D3 /* IOS70ImageSlicingIssue */ = {
			isa = PBXGroup;
			children = (
				077C784C1A1D9C8D009FF1D3 /* AppDelegate.swift */,
				077C784E1A1D9C8D009FF1D3 /* ViewController.swift */,
				077C78501A1D9C8D009FF1D3 /* Main.storyboard */,
				077C78531A1D9C8D009FF1D3 /* Images.xcassets */,
				077C78551A1D9C8D009FF1D3 /* LaunchScreen.xib */,
				077C784A1A1D9C8D009FF1D3 /* Supporting Files */,
			);
			path = IOS70ImageSlicingIssue;
			sourceTree = "<group>";
		};
		077C784A1A1D9C8D009FF1D3 /* Supporting Files */ = {
			isa = PBXGroup;
			children = (
				077C784B1A1D9C8D009FF1D3 /* Info.plist */,
			);
			name = "Supporting Files";
			sourceTree = "<group>";
		};
/* End PBXGroup section */

/* Begin PBXNativeTarget section */
		077C78461A1D9C8D009FF1D3 /* IOS70ImageSlicingIssue */ = {
			isa = PBXNativeTarget;
			buildConfigurationList = 077C78661A1D9C8D009FF1D3 /* Build configuration list for PBXNativeTarget "IOS70ImageSlicingIssue" */;
			buildPhases = (
				077C78431A1D9C8D009FF1D3 /* Sources */,
				077C78441A1D9C8D009FF1D3 /* Frameworks */,
				077C78451A1D9C8D009FF1D3 /* Resources */,
			);
			buildRules = (
			);
			dependencies = (
			);
			name = IOS70ImageSlicingIssue;
			productName = IOS70ImageSlicingIssue;
			productReference = 077C78471A1D9C8D009FF1D3 /* IOS70ImageSlicingIssue.app */;
			productType = "com.apple.product-type.application";
		};
/* End PBXNativeTarget section */

/* Begin PBXProject section */
		077C783F1A1D9C8C009FF1D3 /* Project object */ = {
			isa = PBXProject;
			attributes = {
				LastUpgradeCheck = 0610;
				ORGANIZATIONNAME = laiso;
				TargetAttributes = {
					077C78461A1D9C8D009FF1D3 = {
						CreatedOnToolsVersion = 6.1;
					};
				};
			};
			buildConfigurationList = 077C78421A1D9C8C009FF1D3 /* Build configuration list for PBXProject "IOS70ImageSlicingIssue" */;
			compatibilityVersion = "Xcode 3.2";
			developmentRegion = English;
			hasScannedForEncodings = 0;
			knownRegions = (
				en,
				Base,
			);
			mainGroup = 077C783E1A1D9C8C009FF1D3;
			productRefGroup = 077C78481A1D9C8D009FF1D3 /* Products */;
			projectDirPath = "";
			projectRoot = "";
			targets = (
				077C78461A1D9C8D009FF1D3 /* IOS70ImageSlicingIssue */,
			);
		};
/* End PBXProject section */

/* Begin PBXResourcesBuildPhase section */
		077C78451A1D9C8D009FF1D3 /* Resources */ = {
			isa = PBXResourcesBuildPhase;
			buildActionMask = 2147483647;
			files = (
				077C78521A1D9C8D009FF1D3 /* Main.storyboard in Resources */,
				077C78571A1D9C8D009FF1D3 /* LaunchScreen.xib in Resources */,
				077C78541A1D9C8D009FF1D3 /* Images.xcassets in Resources */,
			);
			runOnlyForDeploymentPostprocessing = 0;
		};
/* End PBXResourcesBuildPhase section */

/* Begin PBXSourcesBuildPhase section */
		077C78431A1D9C8D009FF1D3 /* Sources */ = {
			isa = PBXSourcesBuildPhase;
			buildActionMask = 2147483647;
			files = (
				077C784F1A1D9C8D009FF1D3 /* ViewController.swift in Sources */,
				077C784D1A1D9C8D009FF1D3 /* AppDelegate.swift in Sources */,
			);
			runOnlyForDeploymentPostprocessing = 0;
		};
/* End PBXSourcesBuildPhase section */

/* Begin PBXVariantGroup section */
		077C78501A1D9C8D009FF1D3 /* Main.storyboard */ = {
			isa = PBXVariantGroup;
			children = (
				077C78511A1D9C8D009FF1D3 /* Base */,
			);
			name = Main.storyboard;
			sourceTree = "<group>";
		};
		077C78551A1D9C8D009FF1D3 /* LaunchScreen.xib */ = {
			isa = PBXVariantGroup;
			children = (
				077C78561A1D9C8D009FF1D3 /* Base */,
			);
			name = LaunchScreen.xib;
			sourceTree = "<group>";
		};
/* End PBXVariantGroup section */

/* Begin XCBuildConfiguration section */
		077C78641A1D9C8D009FF1D3 /* Debug */ = {
			isa = XCBuildConfiguration;
			buildSettings = {
				ALWAYS_SEARCH_USER_PATHS = NO;
				CLANG_CXX_LANGUAGE_STANDARD = "gnu++0x";
				CLANG_CXX_LIBRARY = "libc++";
				CLANG_ENABLE_MODULES = YES;
				CLANG_ENABLE_OBJC_ARC = YES;
				CLANG_WARN_BOOL_CONVERSION = YES;
				CLANG_WARN_CONSTANT_CONVERSION = YES;
				CLANG_WARN_DIRECT_OBJC_ISA_USAGE = YES_ERROR;
				CLANG_WARN_EMPTY_BODY = YES;
				CLANG_WARN_ENUM_CONVERSION = YES;
				CLANG_WARN_INT_CONVERSION = YES;
				CLANG_WARN_OBJC_ROOT_CLASS = YES_ERROR;
				CLANG_WARN_UNREACHABLE_CODE = YES;
				CLANG_WARN__DUPLICATE_METHOD_MATCH = YES;
				"CODE_SIGN_IDENTITY[sdk=iphoneos*]" = "iPhone Developer";
				COPY_PHASE_STRIP = NO;
				ENABLE_STRICT_OBJC_MSGSEND = YES;
				GCC_C_LANGUAGE_STANDARD = gnu99;
				GCC_DYNAMIC_NO_PIC = NO;
				GCC_OPTIMIZATION_LEVEL = 0;
				GCC_PREPROCESSOR_DEFINITIONS = (
					"DEBUG=1",
					"$(inherited)",
				);
				GCC_SYMBOLS_PRIVATE_EXTERN = NO;
				GCC_WARN_64_TO_32_BIT_CONVERSION = YES;
				GCC_WARN_ABOUT_RETURN_TYPE = YES_ERROR;
				GCC_WARN_UNDECLARED_SELECTOR = YES;
				GCC_WARN_UNINITIALIZED_AUTOS = YES_AGGRESSIVE;
				GCC_WARN_UNUSED_FUNCTION = YES;
				GCC_WARN_UNUSED_VARIABLE = YES;
				IPHONEOS_DEPLOYMENT_TARGET = 8.1;
				MTL_ENABLE_DEBUG_INFO = YES;
				ONLY_ACTIVE_ARCH = YES;
				SDKROOT = iphoneos;
				SWIFT_OPTIMIZATION_LEVEL = "-Onone";
			};
			name = Debug;
		};
		077C78651A1D9C8D009FF1D3 /* Release */ = {
			isa = XCBuildConfiguration;
			buildSettings = {
				ALWAYS_SEARCH_USER_PATHS = NO;
				CLANG_CXX_LANGUAGE_STANDARD = "gnu++0x";
				CLANG_CXX_LIBRARY = "libc++";
				CLANG_ENABLE_MODULES = YES;
				CLANG_ENABLE_OBJC_ARC = YES;
				CLANG_WARN_BOOL_CONVERSION = YES;
				CLANG_WARN_CONSTANT_CONVERSION = YES;
				CLANG_WARN_DIRECT_OBJC_ISA_USAGE = YES_ERROR;
				CLANG_WARN_EMPTY_BODY = YES;
				CLANG_WARN_ENUM_CONVERSION = YES;
				CLANG_WARN_INT_CONVERSION = YES;
				CLANG_WARN_OBJC_ROOT_CLASS = YES_ERROR;
				CLANG_WARN_UNREACHABLE_CODE = YES;
				CLANG_WARN__DUPLICATE_METHOD_MATCH = YES;
				"CODE_SIGN_IDENTITY[sdk=iphoneos*]" = "iPhone Developer";
				COPY_PHASE_STRIP = YES;
				ENABLE_NS_ASSERTIONS = NO;
				ENABLE_STRICT_OBJC_MSGSEND = YES;
				GCC_C_LANGUAGE_STANDARD = gnu99;
				GCC_WARN_64_TO_32_BIT_CONVERSION = YES;
				GCC_WARN_ABOUT_RETURN_TYPE = YES_ERROR;
				GCC_WARN_UNDECLARED_SELECTOR = YES;
				GCC_WARN_UNINITIALIZED_AUTOS = YES_AGGRESSIVE;
				GCC_WARN_UNUSED_FUNCTION = YES;
				GCC_WARN_UNUSED_VARIABLE = YES;
				IPHONEOS_DEPLOYMENT_TARGET = 8.1;
				MTL_ENABLE_DEBUG_INFO = NO;
				SDKROOT = iphoneos;
				VALIDATE_PRODUCT = YES;
			};
			name = Release;
		};
		077C78671A1D9C8D009FF1D3 /* Debug */ = {
			isa = XCBuildConfiguration;
			buildSettings = {
				ASSETCATALOG_COMPILER_APPICON_NAME = AppIcon;
				INFOPLIST_FILE = IOS70ImageSlicingIssue/Info.plist;
				IPHONEOS_DEPLOYMENT_TARGET = 7.0;
				LD_RUNPATH_SEARCH_PATHS = "$(inherited) @executable_path/Frameworks";
				PRODUCT_NAME = "$(TARGET_NAME)";
			};
			name = Debug;
		};
		077C78681A1D9C8D009FF1D3 /* Release */ = {
			isa = XCBuildConfiguration;
			buildSettings = {
				ASSETCATALOG_COMPILER_APPICON_NAME = AppIcon;
				INFOPLIST_FILE = IOS70ImageSlicingIssue/Info.plist;
				IPHONEOS_DEPLOYMENT_TARGET = 7.0;
				LD_RUNPATH_SEARCH_PATHS = "$(inherited) @executable_path/Frameworks";
				PRODUCT_NAME = "$(TARGET_NAME)";
			};
			name = Release;
		};
/* End XCBuildConfiguration section */

/* Begin XCConfigurationList section */
		077C78421A1D9C8C009FF1D3 /* Build configuration list for PBXProject "IOS70ImageSlicingIssue" */ = {
			isa = XCConfigurationList;
			buildConfigurations = (
				077C78641A1D9C8D009FF1D3 /* Debug */,
				077C78651A1D9C8D009FF1D3 /* Release */,
			);
			defaultConfigurationIsVisible = 0;
			defaultConfigurationName = Release;
		};
		077C78661A1D9C8D009FF1D3 /* Build configuration list for PBXNativeTarget "IOS70ImageSlicingIssue" */ = {
			isa = XCConfigurationList;
			buildConfigurations = (
				077C78671A1D9C8D009FF1D3 /* Debug */,
				077C78681A1D9C8D009FF1D3 /* Release */,
			);
			defaultConfigurationIsVisible = 0;
		};
/* End XCConfigurationList section */
	};
	rootObject = 077C783F1A1D9C8C009FF1D3 /* Project object */;
}
